
Microsoft Visual Studio Solution File, Format Version 12.00
# Visual Studio Version 17
VisualStudioVersion = 17.0.31919.166
MinimumVisualStudioVersion = 10.0.40219.1
Project("{2150E333-8FDC-42A3-9474-1A3956D46DE8}") = "Solution Items", "Solution Items", "{3A62F00C-1F02-42CF-A7B0-BB3C3F9BE553}"
	ProjectSection(SolutionItems) = preProject
		.gitignore = .gitignore
		Assembly.cs = Assembly.cs
		Directory.Build.props = Directory.Build.props
		docker-compose.yml = docker-compose.yml
		Global.ruleset = Global.ruleset
		support\ldap.ldif = support\ldap.ldif
		README.md = README.md
		stylecop.json = stylecop.json
	EndProjectSection
EndProject
Project("{9A19103F-16F7-4668-BE54-9A1E7A4F7556}") = "Basic.Model", "src\Basic.Model\Basic.Model.csproj", "{FFC96D18-0277-44D5-B98B-6CE649A252CB}"
EndProject
Project("{9A19103F-16F7-4668-BE54-9A1E7A4F7556}") = "Basic.DataAccess", "src\Basic.DataAccess\Basic.DataAccess.csproj", "{0BAF6C42-3C7E-4742-9268-71DB76500788}"
EndProject
Project("{9A19103F-16F7-4668-BE54-9A1E7A4F7556}") = "Basic.DataAccess.MySql", "src\Basic.DataAccess.MySql\Basic.DataAccess.MySql.csproj", "{6153B358-F88E-4057-911D-E44AFF6E1CD4}"
EndProject
Project("{9A19103F-16F7-4668-BE54-9A1E7A4F7556}") = "Basic.DataAccess.SqlServer", "src\Basic.DataAccess.SqlServer\Basic.DataAccess.SqlServer.csproj", "{D5C8441E-F7C9-4313-AF5E-A1329559AECC}"
EndProject
Project("{9A19103F-16F7-4668-BE54-9A1E7A4F7556}") = "Basic.WebApi", "src\Basic.WebApi\Basic.WebApi.csproj", "{AEBA420A-DB07-498A-B772-C33F57D5D720}"
EndProject
Project("{9A19103F-16F7-4668-BE54-9A1E7A4F7556}") = "Basic.Model-Tests", "test\Basic.Model-Tests\Basic.Model-Tests.csproj", "{5A962F23-EF93-42C1-8FEC-C423DCF21E9C}"
EndProject
Project("{9A19103F-16F7-4668-BE54-9A1E7A4F7556}") = "Basic.WebApi-Tests", "test\Basic.WebApi-Tests\Basic.WebApi-Tests.csproj", "{3BDC44FC-4001-4A97-AC32-BBA7FD0C33CC}"
EndProject
Project("{FAE04EC0-301F-11D3-BF4B-00C04F79EFBC}") = "Basic.WebApi-LoadTests", "test\Basic.WebApi-LoadTests\Basic.WebApi-LoadTests.csproj", "{AC1EE659-A182-4265-B2AA-D74AE288968D}"
EndProject
Global
	GlobalSection(SolutionConfigurationPlatforms) = preSolution
		Debug|Any CPU = Debug|Any CPU
		Release|Any CPU = Release|Any CPU
	EndGlobalSection
	GlobalSection(ProjectConfigurationPlatforms) = postSolution
		{FFC96D18-0277-44D5-B98B-6CE649A252CB}.Debug|Any CPU.ActiveCfg = Debug|Any CPU
		{FFC96D18-0277-44D5-B98B-6CE649A252CB}.Debug|Any CPU.Build.0 = Debug|Any CPU
		{FFC96D18-0277-44D5-B98B-6CE649A252CB}.Release|Any CPU.ActiveCfg = Release|Any CPU
		{FFC96D18-0277-44D5-B98B-6CE649A252CB}.Release|Any CPU.Build.0 = Release|Any CPU
		{0BAF6C42-3C7E-4742-9268-71DB76500788}.Debug|Any CPU.ActiveCfg = Debug|Any CPU
		{0BAF6C42-3C7E-4742-9268-71DB76500788}.Debug|Any CPU.Build.0 = Debug|Any CPU
		{0BAF6C42-3C7E-4742-9268-71DB76500788}.Release|Any CPU.ActiveCfg = Release|Any CPU
		{0BAF6C42-3C7E-4742-9268-71DB76500788}.Release|Any CPU.Build.0 = Release|Any CPU
		{6153B358-F88E-4057-911D-E44AFF6E1CD4}.Debug|Any CPU.ActiveCfg = Debug|Any CPU
		{6153B358-F88E-4057-911D-E44AFF6E1CD4}.Debug|Any CPU.Build.0 = Debug|Any CPU
		{6153B358-F88E-4057-911D-E44AFF6E1CD4}.Release|Any CPU.ActiveCfg = Release|Any CPU
		{6153B358-F88E-4057-911D-E44AFF6E1CD4}.Release|Any CPU.Build.0 = Release|Any CPU
		{D5C8441E-F7C9-4313-AF5E-A1329559AECC}.Debug|Any CPU.ActiveCfg = Debug|Any CPU
		{D5C8441E-F7C9-4313-AF5E-A1329559AECC}.Debug|Any CPU.Build.0 = Debug|Any CPU
		{D5C8441E-F7C9-4313-AF5E-A1329559AECC}.Release|Any CPU.ActiveCfg = Release|Any CPU
		{D5C8441E-F7C9-4313-AF5E-A1329559AECC}.Release|Any CPU.Build.0 = Release|Any CPU
		{AEBA420A-DB07-498A-B772-C33F57D5D720}.Debug|Any CPU.ActiveCfg = Debug|Any CPU
		{AEBA420A-DB07-498A-B772-C33F57D5D720}.Debug|Any CPU.Build.0 = Debug|Any CPU
		{AEBA420A-DB07-498A-B772-C33F57D5D720}.Release|Any CPU.ActiveCfg = Release|Any CPU
		{AEBA420A-DB07-498A-B772-C33F57D5D720}.Release|Any CPU.Build.0 = Release|Any CPU
		{5A962F23-EF93-42C1-8FEC-C423DCF21E9C}.Debug|Any CPU.ActiveCfg = Debug|Any CPU
		{5A962F23-EF93-42C1-8FEC-C423DCF21E9C}.Debug|Any CPU.Build.0 = Debug|Any CPU
		{5A962F23-EF93-42C1-8FEC-C423DCF21E9C}.Release|Any CPU.ActiveCfg = Release|Any CPU
		{5A962F23-EF93-42C1-8FEC-C423DCF21E9C}.Release|Any CPU.Build.0 = Release|Any CPU
		{3BDC44FC-4001-4A97-AC32-BBA7FD0C33CC}.Debug|Any CPU.ActiveCfg = Debug|Any CPU
		{3BDC44FC-4001-4A97-AC32-BBA7FD0C33CC}.Debug|Any CPU.Build.0 = Debug|Any CPU
		{3BDC44FC-4001-4A97-AC32-BBA7FD0C33CC}.Release|Any CPU.ActiveCfg = Release|Any CPU
		{3BDC44FC-4001-4A97-AC32-BBA7FD0C33CC}.Release|Any CPU.Build.0 = Release|Any CPU
		{AC1EE659-A182-4265-B2AA-D74AE288968D}.Debug|Any CPU.ActiveCfg = Debug|Any CPU
		{AC1EE659-A182-4265-B2AA-D74AE288968D}.Debug|Any CPU.Build.0 = Debug|Any CPU
		{AC1EE659-A182-4265-B2AA-D74AE288968D}.Release|Any CPU.ActiveCfg = Release|Any CPU
		{AC1EE659-A182-4265-B2AA-D74AE288968D}.Release|Any CPU.Build.0 = Release|Any CPU
	EndGlobalSection
	GlobalSection(SolutionProperties) = preSolution
		HideSolutionNode = FALSE
	EndGlobalSection
	GlobalSection(ExtensibilityGlobals) = postSolution
		SolutionGuid = {FEA457C8-7B94-460B-9A32-D12B04E256D8}
	EndGlobalSection
EndGlobal
